{
  "nodes": {
    "nixpkgs": {
      "locked": {
        "lastModified": 1756886854,
        "narHash": "sha256-6tooT142NLcFjt24Gi4B0G1pgWLvfw7y93sYEfSHlLI=",
        "rev": "0e6684e6c5755325f801bda1751a8a4038145d7d",
        "revCount": 809350,
        "type": "tarball",
        "url": "https://api.flakehub.com/f/pinned/NixOS/nixpkgs/0.2505.809350%2Brev-0e6684e6c5755325f801bda1751a8a4038145d7d/01990fab-6dd7-760d-8592-5ddf72e4f642/source.tar.gz"
      },
      "original": {
        "type": "tarball",
        "url": "https://flakehub.com/f/NixOS/nixpkgs/0.2505.tar.gz"
      }
    },
    "root": {
      "inputs": {
        "nixpkgs": "nixpkgs"
      }
    }
  },
  "root": "root",
  "version": 7
}
